DEPENDENCIES
  base_hardening
    path: .
    metadata: true

GRAPH
  base_hardening (0.2.0)
    openssh (~> 2.0.0)
    sysctl (~> 0.6.0)
  compat_resource (12.10.6)
  iptables (2.2.0)
  ohai (4.1.1)
    compat_resource (>= 12.10)
  openssh (2.0.0)
    iptables (>= 1.0)
  sysctl (0.6.2)
    ohai (>= 0.0.0)
